// !$*UTF8*$!
{
	archiveVersion = 1;
	classes = {
	};
	objectVersion = 46;
	objects = {

/* Begin PBXBuildFile section */
		F8DB2D681AFDC1A20041D5CC /* main.cpp in Sources */ = {isa = PBXBuildFile; fileRef = F8DB2D671AFDC1A20041D5CC /* main.cpp */; };
/* End PBXBuildFile section */

/* Begin PBXCopyFilesBuildPhase section */
		F8DB2D621AFDC1A20041D5CC /* CopyFiles */ = {
			isa = PBXCopyFilesBuildPhase;
			buildActionMask = 2147483647;
			dstPath = /usr/share/man/man1/;
			dstSubfolderSpec = 0;
			files = (
			);
			runOnlyForDeploymentPostprocessing = 1;
		};
/* End PBXCopyFilesBuildPhase section */

/* Begin PBXFileReference section */
		F8DB2D641AFDC1A20041D5CC /* 1.1.2 Factory */ = {isa = PBXFileReference; explicitFileType = "compiled.mach-o.executable"; includeInIndex = 0; path = "1.1.2 Factory"; sourceTree = BUILT_PRODUCTS_DIR; };
		F8DB2D671AFDC1A20041D5CC /* main.cpp */ = {isa = PBXFileReference; lastKnownFileType = sourcecode.cpp.cpp; path = main.cpp; sourceTree = "<group>"; };
/* End PBXFileReference section */

/* Begin PBXFrameworksBuildPhase section */
		F8DB2D611AFDC1A20041D5CC /* Frameworks */ = {
			isa = PBXFrameworksBuildPhase;
			buildActionMask = 2147483647;
			files = (
			);
			runOnlyForDeploymentPostprocessing = 0;
		};
/* End PBXFrameworksBuildPhase section */

/* Begin PBXGroup section */
		F8DB2D5B1AFDC1A20041D5CC = {
			isa = PBXGroup;
			children = (
				F8DB2D661AFDC1A20041D5CC /* 1.1.2 Factory */,
				F8DB2D651AFDC1A20041D5CC /* Products */,
			);
			sourceTree = "<group>";
		};
		F8DB2D651AFDC1A20041D5CC /* Products */ = {
			isa = PBXGroup;
			children = (
				F8DB2D641AFDC1A20041D5CC /* 1.1.2 Factory */,
			);
			name = Products;
			sourceTree = "<group>";
		};
		F8DB2D661AFDC1A20041D5CC /* 1.1.2 Factory */ = {
			isa = PBXGroup;
			children = (
				F8DB2D671AFDC1A20041D5CC /* main.cpp */,
			);
			path = "1.1.2 Factory";
			sourceTree = "<group>";
		};
/* End PBXGroup section */

/* Begin PBXNativeTarget section */
		F8DB2D631AFDC1A20041D5CC /* 1.1.2 Factory */ = {
			isa = PBXNativeTarget;
			buildConfigurationList = F8DB2D6B1AFDC1A20041D5CC /* Build configuration list for PBXNativeTarget "1.1.2 Factory" */;
			buildPhases = (
				F8DB2D601AFDC1A20041D5CC /* Sources */,
				F8DB2D611AFDC1A20041D5CC /* Frameworks */,
				F8DB2D621AFDC1A20041D5CC /* CopyFiles */,
			);
			buildRules = (
			);
			dependencies = (
			);
			name = "1.1.2 Factory";
			productName = "1.1.2 Factory";
			productReference = F8DB2D641AFDC1A20041D5CC /* 1.1.2 Factory */;
			productType = "com.apple.product-type.tool";
		};
/* End PBXNativeTarget section */

/* Begin PBXProject section */
		F8DB2D5C1AFDC1A20041D5CC /* Project object */ = {
			isa = PBXProject;
			attributes = {
				LastUpgradeCheck = 0610;
				ORGANIZATIONNAME = MoMing;
				TargetAttributes = {
					F8DB2D631AFDC1A20041D5CC = {
						CreatedOnToolsVersion = 6.1;
					};
				};
			};
			buildConfigurationList = F8DB2D5F1AFDC1A20041D5CC /* Build configuration list for PBXProject "1.1.2 Factory" */;
			compatibilityVersion = "Xcode 3.2";
			developmentRegion = English;
			hasScannedForEncodings = 0;
			knownRegions = (
				en,
			);
			mainGroup = F8DB2D5B1AFDC1A20041D5CC;
			productRefGroup = F8DB2D651AFDC1A20041D5CC /* Products */;
			projectDirPath = "";
			projectRoot = "";
			targets = (
				F8DB2D631AFDC1A20041D5CC /* 1.1.2 Factory */,
			);
		};
/* End PBXProject section */

/* Begin PBXSourcesBuildPhase section */
		F8DB2D601AFDC1A20041D5CC /* Sources */ = {
			isa = PBXSourcesBuildPhase;
			buildActionMask = 2147483647;
			files = (
				F8DB2D681AFDC1A20041D5CC /* main.cpp in Sources */,
			);
			runOnlyForDeploymentPostprocessing = 0;
		};
/* End PBXSourcesBuildPhase section */

/* Begin XCBuildConfiguration section */
		F8DB2D691AFDC1A20041D5CC /* Debug */ = {
			isa = XCBuildConfiguration;
			buildSettings = {
				ALWAYS_SEARCH_USER_PATHS = NO;
				CLANG_CXX_LANGUAGE_STANDARD = "gnu++0x";
				CLANG_CXX_LIBRARY = "libc++";
				CLANG_ENABLE_MODULES = YES;
				CLANG_ENABLE_OBJC_ARC = YES;
				CLANG_WARN_BOOL_CONVERSION = YES;
				CLANG_WARN_CONSTANT_CONVERSION = YES;
				CLANG_WARN_DIRECT_OBJC_ISA_USAGE = YES_ERROR;
				CLANG_WARN_EMPTY_BODY = YES;
				CLANG_WARN_ENUM_CONVERSION = YES;
				CLANG_WARN_INT_CONVERSION = YES;
				CLANG_WARN_OBJC_ROOT_CLASS = YES_ERROR;
				CLANG_WARN_UNREACHABLE_CODE = YES;
				CLANG_WARN__DUPLICATE_METHOD_MATCH = YES;
				COPY_PHASE_STRIP = NO;
				ENABLE_STRICT_OBJC_MSGSEND = YES;
				GCC_C_LANGUAGE_STANDARD = gnu99;
				GCC_DYNAMIC_NO_PIC = NO;
				GCC_OPTIMIZATION_LEVEL = 0;
				GCC_PREPROCESSOR_DEFINITIONS = (
					"DEBUG=1",
					"$(inherited)",
				);
				GCC_SYMBOLS_PRIVATE_EXTERN = NO;
				GCC_WARN_64_TO_32_BIT_CONVERSION = YES;
				GCC_WARN_ABOUT_RETURN_TYPE = YES_ERROR;
				GCC_WARN_UNDECLARED_SELECTOR = YES;
				GCC_WARN_UNINITIALIZED_AUTOS = YES_AGGRESSIVE;
				GCC_WARN_UNUSED_FUNCTION = YES;
				GCC_WARN_UNUSED_VARIABLE = YES;
				MACOSX_DEPLOYMENT_TARGET = 10.10;
				MTL_ENABLE_DEBUG_INFO = YES;
				ONLY_ACTIVE_ARCH = YES;
				SDKROOT = macosx;
			};
			name = Debug;
		};
		F8DB2D6A1AFDC1A20041D5CC /* Release */ = {
			isa = XCBuildConfiguration;
			buildSettings = {
				ALWAYS_SEARCH_USER_PATHS = NO;
				CLANG_CXX_LANGUAGE_STANDARD = "gnu++0x";
				CLANG_CXX_LIBRARY = "libc++";
				CLANG_ENABLE_MODULES = YES;
				CLANG_ENABLE_OBJC_ARC = YES;
				CLANG_WARN_BOOL_CONVERSION = YES;
				CLANG_WARN_CONSTANT_CONVERSION = YES;
				CLANG_WARN_DIRECT_OBJC_ISA_USAGE = YES_ERROR;
				CLANG_WARN_EMPTY_BODY = YES;
				CLANG_WARN_ENUM_CONVERSION = YES;
				CLANG_WARN_INT_CONVERSION = YES;
				CLANG_WARN_OBJC_ROOT_CLASS = YES_ERROR;
				CLANG_WARN_UNREACHABLE_CODE = YES;
				CLANG_WARN__DUPLICATE_METHOD_MATCH = YES;
				COPY_PHASE_STRIP = YES;
				DEBUG_INFORMATION_FORMAT = "dwarf-with-dsym";
				ENABLE_NS_ASSERTIONS = NO;
				ENABLE_STRICT_OBJC_MSGSEND = YES;
				GCC_C_LANGUAGE_STANDARD = gnu99;
				GCC_WARN_64_TO_32_BIT_CONVERSION = YES;
				GCC_WARN_ABOUT_RETURN_TYPE = YES_ERROR;
				GCC_WARN_UNDECLARED_SELECTOR = YES;
				GCC_WARN_UNINITIALIZED_AUTOS = YES_AGGRESSIVE;
				GCC_WARN_UNUSED_FUNCTION = YES;
				GCC_WARN_UNUSED_VARIABLE = YES;
				MACOSX_DEPLOYMENT_TARGET = 10.10;
				MTL_ENABLE_DEBUG_INFO = NO;
				SDKROOT = macosx;
			};
			name = Release;
		};
		F8DB2D6C1AFDC1A20041D5CC /* Debug */ = {
			isa = XCBuildConfiguration;
			buildSettings = {
				PRODUCT_NAME = "$(TARGET_NAME)";
			};
			name = Debug;
		};
		F8DB2D6D1AFDC1A20041D5CC /* Release */ = {
			isa = XCBuildConfiguration;
			buildSettings = {
				PRODUCT_NAME = "$(TARGET_NAME)";
			};
			name = Release;
		};
/* End XCBuildConfiguration section */

/* Begin XCConfigurationList section */
		F8DB2D5F1AFDC1A20041D5CC /* Build configuration list for PBXProject "1.1.2 Factory" */ = {
			isa = XCConfigurationList;
			buildConfigurations = (
				F8DB2D691AFDC1A20041D5CC /* Debug */,
				F8DB2D6A1AFDC1A20041D5CC /* Release */,
			);
			defaultConfigurationIsVisible = 0;
			defaultConfigurationName = Release;
		};
		F8DB2D6B1AFDC1A20041D5CC /* Build configuration list for PBXNativeTarget "1.1.2 Factory" */ = {
			isa = XCConfigurationList;
			buildConfigurations = (
				F8DB2D6C1AFDC1A20041D5CC /* Debug */,
				F8DB2D6D1AFDC1A20041D5CC /* Release */,
			);
			defaultConfigurationIsVisible = 0;
		};
/* End XCConfigurationList section */
	};
	rootObject = F8DB2D5C1AFDC1A20041D5CC /* Project object */;
}
