// !$*UTF8*$!
{
	archiveVersion = 1;
	classes = {
	};
	objectVersion = 46;
	objects = {

/* Begin PBXBuildFile section */
		F8A6E2691AFE65FC00634245 /* main.cpp in Sources */ = {isa = PBXBuildFile; fileRef = F8A6E2681AFE65FC00634245 /* main.cpp */; };
/* End PBXBuildFile section */

/* Begin PBXCopyFilesBuildPhase section */
		F8A6E2631AFE65FC00634245 /* CopyFiles */ = {
			isa = PBXCopyFilesBuildPhase;
			buildActionMask = 2147483647;
			dstPath = /usr/share/man/man1/;
			dstSubfolderSpec = 0;
			files = (
			);
			runOnlyForDeploymentPostprocessing = 1;
		};
/* End PBXCopyFilesBuildPhase section */

/* Begin PBXFileReference section */
		F8A6E2651AFE65FC00634245 /* 1.3.2 Command */ = {isa = PBXFileReference; explicitFileType = "compiled.mach-o.executable"; includeInIndex = 0; path = "1.3.2 Command"; sourceTree = BUILT_PRODUCTS_DIR; };
		F8A6E2681AFE65FC00634245 /* main.cpp */ = {isa = PBXFileReference; lastKnownFileType = sourcecode.cpp.cpp; path = main.cpp; sourceTree = "<group>"; };
/* End PBXFileReference section */

/* Begin PBXFrameworksBuildPhase section */
		F8A6E2621AFE65FC00634245 /* Frameworks */ = {
			isa = PBXFrameworksBuildPhase;
			buildActionMask = 2147483647;
			files = (
			);
			runOnlyForDeploymentPostprocessing = 0;
		};
/* End PBXFrameworksBuildPhase section */

/* Begin PBXGroup section */
		F8A6E25C1AFE65FC00634245 = {
			isa = PBXGroup;
			children = (
				F8A6E2671AFE65FC00634245 /* 1.3.2 Command */,
				F8A6E2661AFE65FC00634245 /* Products */,
			);
			sourceTree = "<group>";
		};
		F8A6E2661AFE65FC00634245 /* Products */ = {
			isa = PBXGroup;
			children = (
				F8A6E2651AFE65FC00634245 /* 1.3.2 Command */,
			);
			name = Products;
			sourceTree = "<group>";
		};
		F8A6E2671AFE65FC00634245 /* 1.3.2 Command */ = {
			isa = PBXGroup;
			children = (
				F8A6E2681AFE65FC00634245 /* main.cpp */,
			);
			path = "1.3.2 Command";
			sourceTree = "<group>";
		};
/* End PBXGroup section */

/* Begin PBXNativeTarget section */
		F8A6E2641AFE65FC00634245 /* 1.3.2 Command */ = {
			isa = PBXNativeTarget;
			buildConfigurationList = F8A6E26C1AFE65FC00634245 /* Build configuration list for PBXNativeTarget "1.3.2 Command" */;
			buildPhases = (
				F8A6E2611AFE65FC00634245 /* Sources */,
				F8A6E2621AFE65FC00634245 /* Frameworks */,
				F8A6E2631AFE65FC00634245 /* CopyFiles */,
			);
			buildRules = (
			);
			dependencies = (
			);
			name = "1.3.2 Command";
			productName = "1.3.2 Command";
			productReference = F8A6E2651AFE65FC00634245 /* 1.3.2 Command */;
			productType = "com.apple.product-type.tool";
		};
/* End PBXNativeTarget section */

/* Begin PBXProject section */
		F8A6E25D1AFE65FC00634245 /* Project object */ = {
			isa = PBXProject;
			attributes = {
				LastUpgradeCheck = 0610;
				ORGANIZATIONNAME = MoMing;
				TargetAttributes = {
					F8A6E2641AFE65FC00634245 = {
						CreatedOnToolsVersion = 6.1;
					};
				};
			};
			buildConfigurationList = F8A6E2601AFE65FC00634245 /* Build configuration list for PBXProject "1.3.2 Command" */;
			compatibilityVersion = "Xcode 3.2";
			developmentRegion = English;
			hasScannedForEncodings = 0;
			knownRegions = (
				en,
			);
			mainGroup = F8A6E25C1AFE65FC00634245;
			productRefGroup = F8A6E2661AFE65FC00634245 /* Products */;
			projectDirPath = "";
			projectRoot = "";
			targets = (
				F8A6E2641AFE65FC00634245 /* 1.3.2 Command */,
			);
		};
/* End PBXProject section */

/* Begin PBXSourcesBuildPhase section */
		F8A6E2611AFE65FC00634245 /* Sources */ = {
			isa = PBXSourcesBuildPhase;
			buildActionMask = 2147483647;
			files = (
				F8A6E2691AFE65FC00634245 /* main.cpp in Sources */,
			);
			runOnlyForDeploymentPostprocessing = 0;
		};
/* End PBXSourcesBuildPhase section */

/* Begin XCBuildConfiguration section */
		F8A6E26A1AFE65FC00634245 /* Debug */ = {
			isa = XCBuildConfiguration;
			buildSettings = {
				ALWAYS_SEARCH_USER_PATHS = NO;
				CLANG_CXX_LANGUAGE_STANDARD = "gnu++0x";
				CLANG_CXX_LIBRARY = "libc++";
				CLANG_ENABLE_MODULES = YES;
				CLANG_ENABLE_OBJC_ARC = YES;
				CLANG_WARN_BOOL_CONVERSION = YES;
				CLANG_WARN_CONSTANT_CONVERSION = YES;
				CLANG_WARN_DIRECT_OBJC_ISA_USAGE = YES_ERROR;
				CLANG_WARN_EMPTY_BODY = YES;
				CLANG_WARN_ENUM_CONVERSION = YES;
				CLANG_WARN_INT_CONVERSION = YES;
				CLANG_WARN_OBJC_ROOT_CLASS = YES_ERROR;
				CLANG_WARN_UNREACHABLE_CODE = YES;
				CLANG_WARN__DUPLICATE_METHOD_MATCH = YES;
				COPY_PHASE_STRIP = NO;
				ENABLE_STRICT_OBJC_MSGSEND = YES;
				GCC_C_LANGUAGE_STANDARD = gnu99;
				GCC_DYNAMIC_NO_PIC = NO;
				GCC_OPTIMIZATION_LEVEL = 0;
				GCC_PREPROCESSOR_DEFINITIONS = (
					"DEBUG=1",
					"$(inherited)",
				);
				GCC_SYMBOLS_PRIVATE_EXTERN = NO;
				GCC_WARN_64_TO_32_BIT_CONVERSION = YES;
				GCC_WARN_ABOUT_RETURN_TYPE = YES_ERROR;
				GCC_WARN_UNDECLARED_SELECTOR = YES;
				GCC_WARN_UNINITIALIZED_AUTOS = YES_AGGRESSIVE;
				GCC_WARN_UNUSED_FUNCTION = YES;
				GCC_WARN_UNUSED_VARIABLE = YES;
				MACOSX_DEPLOYMENT_TARGET = 10.10;
				MTL_ENABLE_DEBUG_INFO = YES;
				ONLY_ACTIVE_ARCH = YES;
				SDKROOT = macosx;
			};
			name = Debug;
		};
		F8A6E26B1AFE65FC00634245 /* Release */ = {
			isa = XCBuildConfiguration;
			buildSettings = {
				ALWAYS_SEARCH_USER_PATHS = NO;
				CLANG_CXX_LANGUAGE_STANDARD = "gnu++0x";
				CLANG_CXX_LIBRARY = "libc++";
				CLANG_ENABLE_MODULES = YES;
				CLANG_ENABLE_OBJC_ARC = YES;
				CLANG_WARN_BOOL_CONVERSION = YES;
				CLANG_WARN_CONSTANT_CONVERSION = YES;
				CLANG_WARN_DIRECT_OBJC_ISA_USAGE = YES_ERROR;
				CLANG_WARN_EMPTY_BODY = YES;
				CLANG_WARN_ENUM_CONVERSION = YES;
				CLANG_WARN_INT_CONVERSION = YES;
				CLANG_WARN_OBJC_ROOT_CLASS = YES_ERROR;
				CLANG_WARN_UNREACHABLE_CODE = YES;
				CLANG_WARN__DUPLICATE_METHOD_MATCH = YES;
				COPY_PHASE_STRIP = YES;
				DEBUG_INFORMATION_FORMAT = "dwarf-with-dsym";
				ENABLE_NS_ASSERTIONS = NO;
				ENABLE_STRICT_OBJC_MSGSEND = YES;
				GCC_C_LANGUAGE_STANDARD = gnu99;
				GCC_WARN_64_TO_32_BIT_CONVERSION = YES;
				GCC_WARN_ABOUT_RETURN_TYPE = YES_ERROR;
				GCC_WARN_UNDECLARED_SELECTOR = YES;
				GCC_WARN_UNINITIALIZED_AUTOS = YES_AGGRESSIVE;
				GCC_WARN_UNUSED_FUNCTION = YES;
				GCC_WARN_UNUSED_VARIABLE = YES;
				MACOSX_DEPLOYMENT_TARGET = 10.10;
				MTL_ENABLE_DEBUG_INFO = NO;
				SDKROOT = macosx;
			};
			name = Release;
		};
		F8A6E26D1AFE65FC00634245 /* Debug */ = {
			isa = XCBuildConfiguration;
			buildSettings = {
				PRODUCT_NAME = "$(TARGET_NAME)";
			};
			name = Debug;
		};
		F8A6E26E1AFE65FC00634245 /* Release */ = {
			isa = XCBuildConfiguration;
			buildSettings = {
				PRODUCT_NAME = "$(TARGET_NAME)";
			};
			name = Release;
		};
/* End XCBuildConfiguration section */

/* Begin XCConfigurationList section */
		F8A6E2601AFE65FC00634245 /* Build configuration list for PBXProject "1.3.2 Command" */ = {
			isa = XCConfigurationList;
			buildConfigurations = (
				F8A6E26A1AFE65FC00634245 /* Debug */,
				F8A6E26B1AFE65FC00634245 /* Release */,
			);
			defaultConfigurationIsVisible = 0;
			defaultConfigurationName = Release;
		};
		F8A6E26C1AFE65FC00634245 /* Build configuration list for PBXNativeTarget "1.3.2 Command" */ = {
			isa = XCConfigurationList;
			buildConfigurations = (
				F8A6E26D1AFE65FC00634245 /* Debug */,
				F8A6E26E1AFE65FC00634245 /* Release */,
			);
			defaultConfigurationIsVisible = 0;
		};
/* End XCConfigurationList section */
	};
	rootObject = F8A6E25D1AFE65FC00634245 /* Project object */;
}
